github.com/avast/retry-go v3.0.0+incompatible h1:4SOWQ7Qs+oroOTQOYnAHqelpCO0biHSxpiH9JdtuBj0=
github.com/avast/retry-go v3.0.0+incompatible/go.mod h1:XtSnn+n/sHqQIpZ10K1qAevBhOOCWBLXXy3hyiqqBrY=
github.com/avast/retry-go/v4 v4.5.1 h1:AxIx0HGi4VZ3I02jr78j5lZ3M6x1E0Ivxa6b0pUUh7o=
github.com/avast/retry-go/v4 v4.5.1/go.mod h1:/sipNsvNB3RRuT5iNcb6h73nw3IBmXJ/H3XrCQYSOpc=
golang.org/x/text v0.14.0 h1:ScX5w1eTa3QqT8oi6+ziP7dTV1S2+ALU0bI+0zXKWiQ=
golang.org/x/text v0.14.0/go.mod h1:18ZOQIKpY8NJVqYksKHtTdi31H5itFRjB5/qKTNYzSU=
